
Microsoft Visual Studio Solution File, Format Version 12.00
# Visual Studio Version 16
VisualStudioVersion = 16.0.29721.120
MinimumVisualStudioVersion = 10.0.40219.1
Project("{FAE04EC0-301F-11D3-BF4B-00C04F79EFBC}") = "x100-pos-manager", "x100-pos-manager.csproj", "{30C37F8A-2995-4F66-9A76-BFDE58E09130}"
EndProject
Global
	GlobalSection(SolutionConfigurationPlatforms) = preSolution
		Debug|Any CPU = Debug|Any CPU
		Release|Any CPU = Release|Any CPU
	EndGlobalSection
	GlobalSection(ProjectConfigurationPlatforms) = postSolution
		{30C37F8A-2995-4F66-9A76-BFDE58E09130}.Debug|Any CPU.ActiveCfg = Debug|Any CPU
		{30C37F8A-2995-4F66-9A76-BFDE58E09130}.Debug|Any CPU.Build.0 = Debug|Any CPU
		{30C37F8A-2995-4F66-9A76-BFDE58E09130}.Release|Any CPU.ActiveCfg = Release|Any CPU
		{30C37F8A-2995-4F66-9A76-BFDE58E09130}.Release|Any CPU.Build.0 = Release|Any CPU
	EndGlobalSection
	GlobalSection(SolutionProperties) = preSolution
		HideSolutionNode = FALSE
	EndGlobalSection
	GlobalSection(ExtensibilityGlobals) = postSolution
		SolutionGuid = {0C257234-376B-41C5-9E54-1AA1825DBBB9}
	EndGlobalSection
EndGlobal
